{
    "_readme": [
        "This file locks the dependencies of your project to a known state",
        "Read more about it at https://getcomposer.org/doc/01-basic-usage.md#composer-lock-the-lock-file",
        "This file is @generated automatically"
    ],
    "hash": "ced67c07b192b132b0f9296e9fedc5a9",
    "content-hash": "4efa2f7a4d0e6640ed0dad70fff2f995",
    "packages": [
        {
            "name": "moxiecode/plupload",
            "version": "v2.1.8",
            "source": {
                "type": "git",
                "url": "https://github.com/moxiecode/plupload.git",
                "reference": "650763ac5b60d70191ca3bc10e08c20708b0cb29"
            },
            "dist": {
                "type": "zip",
                "url": "https://api.github.com/repos/moxiecode/plupload/zipball/650763ac5b60d70191ca3bc10e08c20708b0cb29",
                "reference": "650763ac5b60d70191ca3bc10e08c20708b0cb29",
                "shasum": ""
            },
            "type": "library",
            "notification-url": "https://packagist.org/downloads/",
            "license": [
                "(GPL-2.0 or OEM)"
            ],
            "authors": [
                {
                    "name": "Davit Barbakadze",
                    "email": "david@moxiecode.com",
                    "role": "Maintainer"
                }
            ],
            "description": "Plupload is a JavaScript API for dealing with file uploads it supports features like multiple file selection, file type filtering, request chunking, client side image scaling and it uses different runtimes to achieve this such as HTML 5, Silverlight and Flash.",
            "homepage": "http://plupload.com",
            "keywords": [
                "file upload",
                "legacy browser support",
                "multi-runtime",
                "plupload"
            ],
            "time": "2015-07-21 12:11:47"
        },
        {
            "name": "phpmailer/phpmailer",
            "version": "v5.2.14",
            "source": {
                "type": "git",
                "url": "https://github.com/PHPMailer/PHPMailer.git",
                "reference": "e774bc9152de85547336e22b8926189e582ece95"
            },
            "dist": {
                "type": "zip",
                "url": "https://api.github.com/repos/PHPMailer/PHPMailer/zipball/e774bc9152de85547336e22b8926189e582ece95",
                "reference": "e774bc9152de85547336e22b8926189e582ece95",
                "shasum": ""
            },
            "require": {
                "php": ">=5.0.0"
            },
            "require-dev": {
                "phpdocumentor/phpdocumentor": "*",
                "phpunit/phpunit": "4.7.*"
            },
            "suggest": {
                "league/oauth2-client": "Needed for XOAUTH2 authentication",
                "league/oauth2-google": "Needed for Gmail XOAUTH2"
            },
            "type": "library",
            "autoload": {
                "classmap": [
                    "class.phpmailer.php",
                    "class.phpmaileroauth.php",
                    "class.phpmaileroauthgoogle.php",
                    "class.smtp.php",
                    "class.pop3.php",
                    "extras/EasyPeasyICS.php",
                    "extras/ntlm_sasl_client.php"
                ]
            },
            "notification-url": "https://packagist.org/downloads/",
            "license": [
                "LGPL-2.1"
            ],
            "authors": [
                {
                    "name": "Jim Jagielski",
                    "email": "jimjag@gmail.com"
                },
                {
                    "name": "Marcus Bointon",
                    "email": "phpmailer@synchromedia.co.uk"
                },
                {
                    "name": "Andy Prevost",
                    "email": "codeworxtech@users.sourceforge.net"
                },
                {
                    "name": "Brent R. Matzelle"
                }
            ],
            "description": "PHPMailer is a full-featured email creation and transfer class for PHP",
            "time": "2015-11-01 10:15:28"
        },
        {
            "name": "yiisoft/yii",
            "version": "1.1.17",
            "source": {
                "type": "git",
                "url": "https://github.com/yiisoft/yii.git",
                "reference": "467ff50a77bf7030a168defc1d47f446136d6228"
            },
            "dist": {
                "type": "zip",
                "url": "https://api.github.com/repos/yiisoft/yii/zipball/467ff50a77bf7030a168defc1d47f446136d6228",
                "reference": "467ff50a77bf7030a168defc1d47f446136d6228",
                "shasum": ""
            },
            "require": {
                "php": ">=5.1.0"
            },
            "bin": [
                "framework/yiic"
            ],
            "type": "library",
            "autoload": {
                "classmap": [
                    "framework/YiiBase.php",
                    "framework/yii.php"
                ]
            },
            "notification-url": "https://packagist.org/downloads/",
            "license": [
                "BSD-3-Clause"
            ],
            "authors": [
                {
                    "name": "Qiang Xue",
                    "email": "qiang.xue@gmail.com",
                    "homepage": "http://www.yiiframework.com/",
                    "role": "Founder and project lead"
                },
                {
                    "name": "Alexander Makarov",
                    "email": "sam@rmcreative.ru",
                    "homepage": "http://rmcreative.ru/",
                    "role": "Core framework development"
                },
                {
                    "name": "Maurizio Domba",
                    "homepage": "http://mdomba.info/",
                    "role": "Core framework development"
                },
                {
                    "name": "Carsten Brandt",
                    "email": "mail@cebe.cc",
                    "homepage": "http://cebe.cc/",
                    "role": "Core framework development"
                },
                {
                    "name": "Wei Zhuo",
                    "email": "weizhuo@gmail.com",
                    "role": "Project site maintenance and development"
                },
                {
                    "name": "Sebastián Thierer",
                    "email": "sebas@artfos.com",
                    "role": "Component development"
                },
                {
                    "name": "Jeffrey Winesett",
                    "email": "jefftulsa@gmail.com",
                    "role": "Documentation and marketing"
                },
                {
                    "name": "Timur Ruziev",
                    "email": "resurtm@gmail.com",
                    "homepage": "http://resurtm.com/",
                    "role": "Core framework development"
                },
                {
                    "name": "Paul Klimov",
                    "email": "klimov.paul@gmail.com",
                    "role": "Core framework development"
                }
            ],
            "description": "Yii Web Programming Framework",
            "homepage": "http://www.yiiframework.com/",
            "keywords": [
                "framework",
                "yii"
            ],
            "time": "2016-01-13 16:23:58"
        }
    ],
    "packages-dev": [],
    "aliases": [],
    "minimum-stability": "stable",
    "stability-flags": [],
    "prefer-stable": false,
    "prefer-lowest": false,
    "platform": [],
    "platform-dev": []
}
